uuid: e6412df8-3d9c-479a-8c85-7010ddcea135
langcode: en
status: true
dependencies:
  module:
    - jix_interface
    - node
  theme:
    - jix_core_theme
id: jobemployerblock
theme: jix_core_theme
region: content
weight: -7
provider: null
plugin: job_employer_block
settings:
  id: job_employer_block
  label: 'Job Employer Block'
  label_display: '0'
  provider: jix_interface
visibility:
  'entity_bundle:node':
    id: 'entity_bundle:node'
    negate: false
    context_mapping:
      node: '@node.node_route_context:node'
    bundles:
      job: job
