uuid: 329287f1-a0f8-4747-bb9b-9fecfb4b2893
langcode: en
status: true
dependencies:
  module:
    - jix_interface
  theme:
    - jix_core_theme
id: copyrightblock
theme: jix_core_theme
region: footer_fifth
weight: 0
provider: null
plugin: copyright_block
settings:
  id: copyright_block
  label: 'Copyright block'
  label_display: '0'
  provider: jix_interface
visibility: {  }
